// !$*UTF8*$!
{
	archiveVersion = 1;
	classes = {
	};
	objectVersion = 46;
	objects = {

/* Begin PBXBuildFile section */
		CB30FB4417C6F3E600D90211 /* NumberOfQuestionsViewController.m in Sources */ = {isa = PBXBuildFile; fileRef = CB30FB4317C6F3E600D90211 /* NumberOfQuestionsViewController.m */; };
		CB51CA9217C40D75002CDED0 /* iphone.storyboard in Resources */ = {isa = PBXBuildFile; fileRef = CB51CA9117C40D75002CDED0 /* iphone.storyboard */; };
		CB51CA9517C40D96002CDED0 /* MainMenuViewController.m in Sources */ = {isa = PBXBuildFile; fileRef = CB51CA9417C40D96002CDED0 /* MainMenuViewController.m */; };
		CB51CA9A17C40EC6002CDED0 /* HPParchment@2x.png in Resources */ = {isa = PBXBuildFile; fileRef = CB51CA9917C40EC6002CDED0 /* HPParchment@2x.png */; };
		CB51CAA017C41150002CDED0 /* parchment-568h@2x.png in Resources */ = {isa = PBXBuildFile; fileRef = CB51CA9D17C41150002CDED0 /* parchment-568h@2x.png */; };
		CB51CAA117C41150002CDED0 /* parchment@2x.png in Resources */ = {isa = PBXBuildFile; fileRef = CB51CA9E17C41150002CDED0 /* parchment@2x.png */; };
		CB51CAA217C41150002CDED0 /* parchment.png in Resources */ = {isa = PBXBuildFile; fileRef = CB51CA9F17C41150002CDED0 /* parchment.png */; };
		CB51CAAB17C42077002CDED0 /* CategorySelectionViewController.m in Sources */ = {isa = PBXBuildFile; fileRef = CB51CAAA17C42077002CDED0 /* CategorySelectionViewController.m */; };
		CB51CAB917C43E97002CDED0 /* DifficultySelectionViewController.m in Sources */ = {isa = PBXBuildFile; fileRef = CB51CAB817C43E97002CDED0 /* DifficultySelectionViewController.m */; };
		CB57E60117C845F400490D9D /* buttonBackground_medium.png in Resources */ = {isa = PBXBuildFile; fileRef = CB57E60017C845F400490D9D /* buttonBackground_medium.png */; };
		CB57E60317C846EE00490D9D /* buttonBackground_small.png in Resources */ = {isa = PBXBuildFile; fileRef = CB57E60217C846EE00490D9D /* buttonBackground_small.png */; };
		CB57E60517C8486D00490D9D /* buttonBackground_tiny.png in Resources */ = {isa = PBXBuildFile; fileRef = CB57E60417C8486D00490D9D /* buttonBackground_tiny.png */; };
		CB57E60717C84E6E00490D9D /* buttonBackground_large.png in Resources */ = {isa = PBXBuildFile; fileRef = CB57E60617C84E6E00490D9D /* buttonBackground_large.png */; };
		CB592F8217C50CE100622D5D /* NSMutableArray_Shuffling.m in Sources */ = {isa = PBXBuildFile; fileRef = CB592F8117C50CE100622D5D /* NSMutableArray_Shuffling.m */; };
		CB592F8717C5139300622D5D /* CorrectAnswerViewController.m in Sources */ = {isa = PBXBuildFile; fileRef = CB592F8617C5139300622D5D /* CorrectAnswerViewController.m */; };
		CB592F8C17C5161000622D5D /* IncorrectAnswerViewController.m in Sources */ = {isa = PBXBuildFile; fileRef = CB592F8B17C5161000622D5D /* IncorrectAnswerViewController.m */; };
		CB592F9117C51FAB00622D5D /* GameCompleteViewController.m in Sources */ = {isa = PBXBuildFile; fileRef = CB592F9017C51FAB00622D5D /* GameCompleteViewController.m */; };
		CB592F9517C53D6E00622D5D /* spellQuestions.plist in Resources */ = {isa = PBXBuildFile; fileRef = CB592F9417C5310200622D5D /* spellQuestions.plist */; };
		CB5D49BE17CBA42A0079BDB6 /* SettingsTabIcon@2x.png in Resources */ = {isa = PBXBuildFile; fileRef = CB5D49BD17CBA42A0079BDB6 /* SettingsTabIcon@2x.png */; };
		CB5D49C117CBA5940079BDB6 /* SettingsViewController.m in Sources */ = {isa = PBXBuildFile; fileRef = CB5D49C017CBA5940079BDB6 /* SettingsViewController.m */; };
		CBB2B56117C59F0A007BE06F /* wizardingWorldQuestions.plist in Resources */ = {isa = PBXBuildFile; fileRef = CB592F9617C54D8000622D5D /* wizardingWorldQuestions.plist */; };
		CBCCB36117C408FA00777E71 /* Foundation.framework in Frameworks */ = {isa = PBXBuildFile; fileRef = CBCCB36017C408FA00777E71 /* Foundation.framework */; };
		CBCCB36317C408FA00777E71 /* CoreGraphics.framework in Frameworks */ = {isa = PBXBuildFile; fileRef = CBCCB36217C408FA00777E71 /* CoreGraphics.framework */; };
		CBCCB36517C408FA00777E71 /* UIKit.framework in Frameworks */ = {isa = PBXBuildFile; fileRef = CBCCB36417C408FA00777E71 /* UIKit.framework */; };
		CBCCB36B17C408FA00777E71 /* InfoPlist.strings in Resources */ = {isa = PBXBuildFile; fileRef = CBCCB36917C408FA00777E71 /* InfoPlist.strings */; };
		CBCCB36D17C408FA00777E71 /* main.m in Sources */ = {isa = PBXBuildFile; fileRef = CBCCB36C17C408FA00777E71 /* main.m */; };
		CBCCB37117C408FA00777E71 /* HPTAppDelegate.m in Sources */ = {isa = PBXBuildFile; fileRef = CBCCB37017C408FA00777E71 /* HPTAppDelegate.m */; };
		CBCCB37317C408FA00777E71 /* Images.xcassets in Resources */ = {isa = PBXBuildFile; fileRef = CBCCB37217C408FA00777E71 /* Images.xcassets */; };
		CBCCB37A17C408FA00777E71 /* XCTest.framework in Frameworks */ = {isa = PBXBuildFile; fileRef = CBCCB37917C408FA00777E71 /* XCTest.framework */; };
		CBCCB37B17C408FA00777E71 /* Foundation.framework in Frameworks */ = {isa = PBXBuildFile; fileRef = CBCCB36017C408FA00777E71 /* Foundation.framework */; };
		CBCCB37C17C408FA00777E71 /* UIKit.framework in Frameworks */ = {isa = PBXBuildFile; fileRef = CBCCB36417C408FA00777E71 /* UIKit.framework */; };
		CBCCB38417C408FA00777E71 /* InfoPlist.strings in Resources */ = {isa = PBXBuildFile; fileRef = CBCCB38217C408FA00777E71 /* InfoPlist.strings */; };
		CBCCB38617C408FA00777E71 /* HPTriviaTests.m in Sources */ = {isa = PBXBuildFile; fileRef = CBCCB38517C408FA00777E71 /* HPTriviaTests.m */; };
		CBCD588117C44EFE00584596 /* ParryHotter.ttf in Resources */ = {isa = PBXBuildFile; fileRef = CBCD588017C44DC600584596 /* ParryHotter.ttf */; };
		CBD6E2A617C45337007A6773 /* GameController.m in Sources */ = {isa = PBXBuildFile; fileRef = CBD6E2A517C45337007A6773 /* GameController.m */; };
		CBD6E2AA17C4565E007A6773 /* QuestionViewController.m in Sources */ = {isa = PBXBuildFile; fileRef = CBD6E2A917C4565E007A6773 /* QuestionViewController.m */; };
		CBD6E2B117C46006007A6773 /* GameQuestion.m in Sources */ = {isa = PBXBuildFile; fileRef = CBD6E2B017C46006007A6773 /* GameQuestion.m */; };
		CBD6E2B217C46413007A6773 /* characterQuestions.plist in Resources */ = {isa = PBXBuildFile; fileRef = CBD6E2A317C44FFB007A6773 /* characterQuestions.plist */; };
/* End PBXBuildFile section */

/* Begin PBXContainerItemProxy section */
		CBCCB37D17C408FA00777E71 /* PBXContainerItemProxy */ = {
			isa = PBXContainerItemProxy;
			containerPortal = CBCCB35517C408FA00777E71 /* Project object */;
			proxyType = 1;
			remoteGlobalIDString = CBCCB35C17C408FA00777E71;
			remoteInfo = HPTrivia;
		};
/* End PBXContainerItemProxy section */

/* Begin PBXFileReference section */
		CB30FB4217C6F3E600D90211 /* NumberOfQuestionsViewController.h */ = {isa = PBXFileReference; fileEncoding = 4; lastKnownFileType = sourcecode.c.h; path = NumberOfQuestionsViewController.h; sourceTree = "<group>"; };
		CB30FB4317C6F3E600D90211 /* NumberOfQuestionsViewController.m */ = {isa = PBXFileReference; fileEncoding = 4; lastKnownFileType = sourcecode.c.objc; path = NumberOfQuestionsViewController.m; sourceTree = "<group>"; };
		CB51CA9117C40D75002CDED0 /* iphone.storyboard */ = {isa = PBXFileReference; fileEncoding = 4; lastKnownFileType = file.storyboard; path = iphone.storyboard; sourceTree = "<group>"; };
		CB51CA9317C40D96002CDED0 /* MainMenuViewController.h */ = {isa = PBXFileReference; fileEncoding = 4; lastKnownFileType = sourcecode.c.h; path = MainMenuViewController.h; sourceTree = "<group>"; };
		CB51CA9417C40D96002CDED0 /* MainMenuViewController.m */ = {isa = PBXFileReference; fileEncoding = 4; lastKnownFileType = sourcecode.c.objc; path = MainMenuViewController.m; sourceTree = "<group>"; };
		CB51CA9917C40EC6002CDED0 /* HPParchment@2x.png */ = {isa = PBXFileReference; lastKnownFileType = image.png; path = "HPParchment@2x.png"; sourceTree = "<group>"; };
		CB51CA9D17C41150002CDED0 /* parchment-568h@2x.png */ = {isa = PBXFileReference; lastKnownFileType = image.png; path = "parchment-568h@2x.png"; sourceTree = "<group>"; };
		CB51CA9E17C41150002CDED0 /* parchment@2x.png */ = {isa = PBXFileReference; lastKnownFileType = image.png; path = "parchment@2x.png"; sourceTree = "<group>"; };
		CB51CA9F17C41150002CDED0 /* parchment.png */ = {isa = PBXFileReference; lastKnownFileType = image.png; path = parchment.png; sourceTree = "<group>"; };
		CB51CAA917C42077002CDED0 /* CategorySelectionViewController.h */ = {isa = PBXFileReference; fileEncoding = 4; lastKnownFileType = sourcecode.c.h; path = CategorySelectionViewController.h; sourceTree = "<group>"; };
		CB51CAAA17C42077002CDED0 /* CategorySelectionViewController.m */ = {isa = PBXFileReference; fileEncoding = 4; lastKnownFileType = sourcecode.c.objc; path = CategorySelectionViewController.m; sourceTree = "<group>"; };
		CB51CAB717C43E97002CDED0 /* DifficultySelectionViewController.h */ = {isa = PBXFileReference; fileEncoding = 4; lastKnownFileType = sourcecode.c.h; path = DifficultySelectionViewController.h; sourceTree = "<group>"; };
		CB51CAB817C43E97002CDED0 /* DifficultySelectionViewController.m */ = {isa = PBXFileReference; fileEncoding = 4; lastKnownFileType = sourcecode.c.objc; path = DifficultySelectionViewController.m; sourceTree = "<group>"; };
		CB57E60017C845F400490D9D /* buttonBackground_medium.png */ = {isa = PBXFileReference; lastKnownFileType = image.png; path = buttonBackground_medium.png; sourceTree = "<group>"; };
		CB57E60217C846EE00490D9D /* buttonBackground_small.png */ = {isa = PBXFileReference; lastKnownFileType = image.png; path = buttonBackground_small.png; sourceTree = "<group>"; };
		CB57E60417C8486D00490D9D /* buttonBackground_tiny.png */ = {isa = PBXFileReference; lastKnownFileType = image.png; path = buttonBackground_tiny.png; sourceTree = "<group>"; };
		CB57E60617C84E6E00490D9D /* buttonBackground_large.png */ = {isa = PBXFileReference; lastKnownFileType = image.png; path = buttonBackground_large.png; sourceTree = "<group>"; };
		CB592F8017C50CE100622D5D /* NSMutableArray_Shuffling.h */ = {isa = PBXFileReference; fileEncoding = 4; lastKnownFileType = sourcecode.c.h; name = NSMutableArray_Shuffling.h; path = ../NSMutableArray_Shuffling.h; sourceTree = "<group>"; };
		CB592F8117C50CE100622D5D /* NSMutableArray_Shuffling.m */ = {isa = PBXFileReference; fileEncoding = 4; lastKnownFileType = sourcecode.c.objc; name = NSMutableArray_Shuffling.m; path = ../NSMutableArray_Shuffling.m; sourceTree = "<group>"; };
		CB592F8517C5139300622D5D /* CorrectAnswerViewController.h */ = {isa = PBXFileReference; fileEncoding = 4; lastKnownFileType = sourcecode.c.h; path = CorrectAnswerViewController.h; sourceTree = "<group>"; };
		CB592F8617C5139300622D5D /* CorrectAnswerViewController.m */ = {isa = PBXFileReference; fileEncoding = 4; lastKnownFileType = sourcecode.c.objc; path = CorrectAnswerViewController.m; sourceTree = "<group>"; };
		CB592F8A17C5161000622D5D /* IncorrectAnswerViewController.h */ = {isa = PBXFileReference; fileEncoding = 4; lastKnownFileType = sourcecode.c.h; path = IncorrectAnswerViewController.h; sourceTree = "<group>"; };
		CB592F8B17C5161000622D5D /* IncorrectAnswerViewController.m */ = {isa = PBXFileReference; fileEncoding = 4; lastKnownFileType = sourcecode.c.objc; path = IncorrectAnswerViewController.m; sourceTree = "<group>"; };
		CB592F8F17C51FAB00622D5D /* GameCompleteViewController.h */ = {isa = PBXFileReference; fileEncoding = 4; lastKnownFileType = sourcecode.c.h; path = GameCompleteViewController.h; sourceTree = "<group>"; };
		CB592F9017C51FAB00622D5D /* GameCompleteViewController.m */ = {isa = PBXFileReference; fileEncoding = 4; lastKnownFileType = sourcecode.c.objc; path = GameCompleteViewController.m; sourceTree = "<group>"; };
		CB592F9417C5310200622D5D /* spellQuestions.plist */ = {isa = PBXFileReference; lastKnownFileType = text.plist.xml; path = spellQuestions.plist; sourceTree = "<group>"; };
		CB592F9617C54D8000622D5D /* wizardingWorldQuestions.plist */ = {isa = PBXFileReference; lastKnownFileType = text.plist.xml; path = wizardingWorldQuestions.plist; sourceTree = "<group>"; };
		CB5D49BD17CBA42A0079BDB6 /* SettingsTabIcon@2x.png */ = {isa = PBXFileReference; lastKnownFileType = image.png; path = "SettingsTabIcon@2x.png"; sourceTree = "<group>"; };
		CB5D49BF17CBA5940079BDB6 /* SettingsViewController.h */ = {isa = PBXFileReference; fileEncoding = 4; lastKnownFileType = sourcecode.c.h; path = SettingsViewController.h; sourceTree = "<group>"; };
		CB5D49C017CBA5940079BDB6 /* SettingsViewController.m */ = {isa = PBXFileReference; fileEncoding = 4; lastKnownFileType = sourcecode.c.objc; path = SettingsViewController.m; sourceTree = "<group>"; };
		CBCCB35D17C408FA00777E71 /* HPTrivia.app */ = {isa = PBXFileReference; explicitFileType = wrapper.application; includeInIndex = 0; path = HPTrivia.app; sourceTree = BUILT_PRODUCTS_DIR; };
		CBCCB36017C408FA00777E71 /* Foundation.framework */ = {isa = PBXFileReference; lastKnownFileType = wrapper.framework; name = Foundation.framework; path = System/Library/Frameworks/Foundation.framework; sourceTree = SDKROOT; };
		CBCCB36217C408FA00777E71 /* CoreGraphics.framework */ = {isa = PBXFileReference; lastKnownFileType = wrapper.framework; name = CoreGraphics.framework; path = System/Library/Frameworks/CoreGraphics.framework; sourceTree = SDKROOT; };
		CBCCB36417C408FA00777E71 /* UIKit.framework */ = {isa = PBXFileReference; lastKnownFileType = wrapper.framework; name = UIKit.framework; path = System/Library/Frameworks/UIKit.framework; sourceTree = SDKROOT; };
		CBCCB36817C408FA00777E71 /* HPTrivia-Info.plist */ = {isa = PBXFileReference; lastKnownFileType = text.plist.xml; path = "HPTrivia-Info.plist"; sourceTree = "<group>"; };
		CBCCB36A17C408FA00777E71 /* en */ = {isa = PBXFileReference; lastKnownFileType = text.plist.strings; name = en; path = en.lproj/InfoPlist.strings; sourceTree = "<group>"; };
		CBCCB36C17C408FA00777E71 /* main.m */ = {isa = PBXFileReference; lastKnownFileType = sourcecode.c.objc; path = main.m; sourceTree = "<group>"; };
		CBCCB36E17C408FA00777E71 /* HPTrivia-Prefix.pch */ = {isa = PBXFileReference; lastKnownFileType = sourcecode.c.h; path = "HPTrivia-Prefix.pch"; sourceTree = "<group>"; };
		CBCCB36F17C408FA00777E71 /* HPTAppDelegate.h */ = {isa = PBXFileReference; lastKnownFileType = sourcecode.c.h; path = HPTAppDelegate.h; sourceTree = "<group>"; };
		CBCCB37017C408FA00777E71 /* HPTAppDelegate.m */ = {isa = PBXFileReference; lastKnownFileType = sourcecode.c.objc; path = HPTAppDelegate.m; sourceTree = "<group>"; };
		CBCCB37217C408FA00777E71 /* Images.xcassets */ = {isa = PBXFileReference; lastKnownFileType = folder.assetcatalog; path = Images.xcassets; sourceTree = "<group>"; };
		CBCCB37817C408FA00777E71 /* HPTriviaTests.xctest */ = {isa = PBXFileReference; explicitFileType = wrapper.cfbundle; includeInIndex = 0; path = HPTriviaTests.xctest; sourceTree = BUILT_PRODUCTS_DIR; };
		CBCCB37917C408FA00777E71 /* XCTest.framework */ = {isa = PBXFileReference; lastKnownFileType = wrapper.framework; name = XCTest.framework; path = Library/Frameworks/XCTest.framework; sourceTree = DEVELOPER_DIR; };
		CBCCB38117C408FA00777E71 /* HPTriviaTests-Info.plist */ = {isa = PBXFileReference; lastKnownFileType = text.plist.xml; path = "HPTriviaTests-Info.plist"; sourceTree = "<group>"; };
		CBCCB38317C408FA00777E71 /* en */ = {isa = PBXFileReference; lastKnownFileType = text.plist.strings; name = en; path = en.lproj/InfoPlist.strings; sourceTree = "<group>"; };
		CBCCB38517C408FA00777E71 /* HPTriviaTests.m */ = {isa = PBXFileReference; lastKnownFileType = sourcecode.c.objc; path = HPTriviaTests.m; sourceTree = "<group>"; };
		CBCD588017C44DC600584596 /* ParryHotter.ttf */ = {isa = PBXFileReference; lastKnownFileType = file; path = ParryHotter.ttf; sourceTree = "<group>"; };
		CBD6E2A317C44FFB007A6773 /* characterQuestions.plist */ = {isa = PBXFileReference; lastKnownFileType = text.plist.xml; path = characterQuestions.plist; sourceTree = "<group>"; };
		CBD6E2A417C45337007A6773 /* GameController.h */ = {isa = PBXFileReference; fileEncoding = 4; lastKnownFileType = sourcecode.c.h; path = GameController.h; sourceTree = "<group>"; };
		CBD6E2A517C45337007A6773 /* GameController.m */ = {isa = PBXFileReference; fileEncoding = 4; lastKnownFileType = sourcecode.c.objc; path = GameController.m; sourceTree = "<group>"; };
		CBD6E2A817C4565E007A6773 /* QuestionViewController.h */ = {isa = PBXFileReference; fileEncoding = 4; lastKnownFileType = sourcecode.c.h; path = QuestionViewController.h; sourceTree = "<group>"; };
		CBD6E2A917C4565E007A6773 /* QuestionViewController.m */ = {isa = PBXFileReference; fileEncoding = 4; lastKnownFileType = sourcecode.c.objc; path = QuestionViewController.m; sourceTree = "<group>"; };
		CBD6E2AF17C46006007A6773 /* GameQuestion.h */ = {isa = PBXFileReference; fileEncoding = 4; lastKnownFileType = sourcecode.c.h; path = GameQuestion.h; sourceTree = "<group>"; };
		CBD6E2B017C46006007A6773 /* GameQuestion.m */ = {isa = PBXFileReference; fileEncoding = 4; lastKnownFileType = sourcecode.c.objc; path = GameQuestion.m; sourceTree = "<group>"; };
/* End PBXFileReference section */

/* Begin PBXFrameworksBuildPhase section */
		CBCCB35A17C408FA00777E71 /* Frameworks */ = {
			isa = PBXFrameworksBuildPhase;
			buildActionMask = 2147483647;
			files = (
				CBCCB36317C408FA00777E71 /* CoreGraphics.framework in Frameworks */,
				CBCCB36517C408FA00777E71 /* UIKit.framework in Frameworks */,
				CBCCB36117C408FA00777E71 /* Foundation.framework in Frameworks */,
			);
			runOnlyForDeploymentPostprocessing = 0;
		};
		CBCCB37517C408FA00777E71 /* Frameworks */ = {
			isa = PBXFrameworksBuildPhase;
			buildActionMask = 2147483647;
			files = (
				CBCCB37A17C408FA00777E71 /* XCTest.framework in Frameworks */,
				CBCCB37C17C408FA00777E71 /* UIKit.framework in Frameworks */,
				CBCCB37B17C408FA00777E71 /* Foundation.framework in Frameworks */,
			);
			runOnlyForDeploymentPostprocessing = 0;
		};
/* End PBXFrameworksBuildPhase section */

/* Begin PBXGroup section */
		CB51CA9617C40E12002CDED0 /* Images */ = {
			isa = PBXGroup;
			children = (
				CB5D49BD17CBA42A0079BDB6 /* SettingsTabIcon@2x.png */,
				CB57E60617C84E6E00490D9D /* buttonBackground_large.png */,
				CB57E60417C8486D00490D9D /* buttonBackground_tiny.png */,
				CB57E60217C846EE00490D9D /* buttonBackground_small.png */,
				CB57E60017C845F400490D9D /* buttonBackground_medium.png */,
				CB51CA9D17C41150002CDED0 /* parchment-568h@2x.png */,
				CB51CA9E17C41150002CDED0 /* parchment@2x.png */,
				CB51CA9F17C41150002CDED0 /* parchment.png */,
				CB51CA9917C40EC6002CDED0 /* HPParchment@2x.png */,
			);
			name = Images;
			sourceTree = "<group>";
		};
		CB51CAB617C43D25002CDED0 /* Views */ = {
			isa = PBXGroup;
			children = (
				CB5D49BF17CBA5940079BDB6 /* SettingsViewController.h */,
				CB5D49C017CBA5940079BDB6 /* SettingsViewController.m */,
				CB51CA9317C40D96002CDED0 /* MainMenuViewController.h */,
				CB51CA9417C40D96002CDED0 /* MainMenuViewController.m */,
				CB51CAA917C42077002CDED0 /* CategorySelectionViewController.h */,
				CB51CAAA17C42077002CDED0 /* CategorySelectionViewController.m */,
				CB51CAB717C43E97002CDED0 /* DifficultySelectionViewController.h */,
				CB51CAB817C43E97002CDED0 /* DifficultySelectionViewController.m */,
				CB30FB4217C6F3E600D90211 /* NumberOfQuestionsViewController.h */,
				CB30FB4317C6F3E600D90211 /* NumberOfQuestionsViewController.m */,
				CB592F8417C5137700622D5D /* InGameViews */,
			);
			name = Views;
			sourceTree = "<group>";
		};
		CB592F8317C50EB000622D5D /* NSMutableArray_Shuffling */ = {
			isa = PBXGroup;
			children = (
				CB592F8017C50CE100622D5D /* NSMutableArray_Shuffling.h */,
				CB592F8117C50CE100622D5D /* NSMutableArray_Shuffling.m */,
			);
			name = NSMutableArray_Shuffling;
			sourceTree = "<group>";
		};
		CB592F8417C5137700622D5D /* InGameViews */ = {
			isa = PBXGroup;
			children = (
				CBD6E2A817C4565E007A6773 /* QuestionViewController.h */,
				CBD6E2A917C4565E007A6773 /* QuestionViewController.m */,
				CB592F8517C5139300622D5D /* CorrectAnswerViewController.h */,
				CB592F8617C5139300622D5D /* CorrectAnswerViewController.m */,
				CB592F8A17C5161000622D5D /* IncorrectAnswerViewController.h */,
				CB592F8B17C5161000622D5D /* IncorrectAnswerViewController.m */,
				CB592F8F17C51FAB00622D5D /* GameCompleteViewController.h */,
				CB592F9017C51FAB00622D5D /* GameCompleteViewController.m */,
			);
			name = InGameViews;
			sourceTree = "<group>";
		};
		CBCCB35417C408FA00777E71 = {
			isa = PBXGroup;
			children = (
				CBCCB36617C408FA00777E71 /* HPTrivia */,
				CBCCB37F17C408FA00777E71 /* HPTriviaTests */,
				CBCCB35F17C408FA00777E71 /* Frameworks */,
				CBCCB35E17C408FA00777E71 /* Products */,
			);
			sourceTree = "<group>";
		};
		CBCCB35E17C408FA00777E71 /* Products */ = {
			isa = PBXGroup;
			children = (
				CBCCB35D17C408FA00777E71 /* HPTrivia.app */,
				CBCCB37817C408FA00777E71 /* HPTriviaTests.xctest */,
			);
			name = Products;
			sourceTree = "<group>";
		};
		CBCCB35F17C408FA00777E71 /* Frameworks */ = {
			isa = PBXGroup;
			children = (
				CBCCB36017C408FA00777E71 /* Foundation.framework */,
				CBCCB36217C408FA00777E71 /* CoreGraphics.framework */,
				CBCCB36417C408FA00777E71 /* UIKit.framework */,
				CBCCB37917C408FA00777E71 /* XCTest.framework */,
			);
			name = Frameworks;
			sourceTree = "<group>";
		};
		CBCCB36617C408FA00777E71 /* HPTrivia */ = {
			isa = PBXGroup;
			children = (
				CB51CA9117C40D75002CDED0 /* iphone.storyboard */,
				CBCCB36F17C408FA00777E71 /* HPTAppDelegate.h */,
				CBCCB37017C408FA00777E71 /* HPTAppDelegate.m */,
				CBCCB37217C408FA00777E71 /* Images.xcassets */,
				CB592F8317C50EB000622D5D /* NSMutableArray_Shuffling */,
				CBD6E2A717C4533D007A6773 /* GameController */,
				CB51CAB617C43D25002CDED0 /* Views */,
				CBCCB36717C408FA00777E71 /* Supporting Files */,
			);
			path = HPTrivia;
			sourceTree = "<group>";
		};
		CBCCB36717C408FA00777E71 /* Supporting Files */ = {
			isa = PBXGroup;
			children = (
				CBCD588017C44DC600584596 /* ParryHotter.ttf */,
				CB51CA9617C40E12002CDED0 /* Images */,
				CBCCB39017C4094700777E71 /* Questions plists */,
				CBCCB36817C408FA00777E71 /* HPTrivia-Info.plist */,
				CBCCB36917C408FA00777E71 /* InfoPlist.strings */,
				CBCCB36C17C408FA00777E71 /* main.m */,
				CBCCB36E17C408FA00777E71 /* HPTrivia-Prefix.pch */,
			);
			name = "Supporting Files";
			sourceTree = "<group>";
		};
		CBCCB37F17C408FA00777E71 /* HPTriviaTests */ = {
			isa = PBXGroup;
			children = (
				CBCCB38517C408FA00777E71 /* HPTriviaTests.m */,
				CBCCB38017C408FA00777E71 /* Supporting Files */,
			);
			path = HPTriviaTests;
			sourceTree = "<group>";
		};
		CBCCB38017C408FA00777E71 /* Supporting Files */ = {
			isa = PBXGroup;
			children = (
				CBCCB38117C408FA00777E71 /* HPTriviaTests-Info.plist */,
				CBCCB38217C408FA00777E71 /* InfoPlist.strings */,
			);
			name = "Supporting Files";
			sourceTree = "<group>";
		};
		CBCCB39017C4094700777E71 /* Questions plists */ = {
			isa = PBXGroup;
			children = (
				CBD6E2A317C44FFB007A6773 /* characterQuestions.plist */,
				CB592F9417C5310200622D5D /* spellQuestions.plist */,
				CB592F9617C54D8000622D5D /* wizardingWorldQuestions.plist */,
			);
			name = "Questions plists";
			sourceTree = "<group>";
		};
		CBD6E2A717C4533D007A6773 /* GameController */ = {
			isa = PBXGroup;
			children = (
				CBD6E2A417C45337007A6773 /* GameController.h */,
				CBD6E2A517C45337007A6773 /* GameController.m */,
				CBD6E2AF17C46006007A6773 /* GameQuestion.h */,
				CBD6E2B017C46006007A6773 /* GameQuestion.m */,
			);
			name = GameController;
			sourceTree = "<group>";
		};
/* End PBXGroup section */

/* Begin PBXNativeTarget section */
		CBCCB35C17C408FA00777E71 /* HPTrivia */ = {
			isa = PBXNativeTarget;
			buildConfigurationList = CBCCB38917C408FA00777E71 /* Build configuration list for PBXNativeTarget "HPTrivia" */;
			buildPhases = (
				CBCCB35917C408FA00777E71 /* Sources */,
				CBCCB35A17C408FA00777E71 /* Frameworks */,
				CBCCB35B17C408FA00777E71 /* Resources */,
			);
			buildRules = (
			);
			dependencies = (
			);
			name = HPTrivia;
			productName = HPTrivia;
			productReference = CBCCB35D17C408FA00777E71 /* HPTrivia.app */;
			productType = "com.apple.product-type.application";
		};
		CBCCB37717C408FA00777E71 /* HPTriviaTests */ = {
			isa = PBXNativeTarget;
			buildConfigurationList = CBCCB38C17C408FA00777E71 /* Build configuration list for PBXNativeTarget "HPTriviaTests" */;
			buildPhases = (
				CBCCB37417C408FA00777E71 /* Sources */,
				CBCCB37517C408FA00777E71 /* Frameworks */,
				CBCCB37617C408FA00777E71 /* Resources */,
			);
			buildRules = (
			);
			dependencies = (
				CBCCB37E17C408FA00777E71 /* PBXTargetDependency */,
			);
			name = HPTriviaTests;
			productName = HPTriviaTests;
			productReference = CBCCB37817C408FA00777E71 /* HPTriviaTests.xctest */;
			productType = "com.apple.product-type.bundle.unit-test";
		};
/* End PBXNativeTarget section */

/* Begin PBXProject section */
		CBCCB35517C408FA00777E71 /* Project object */ = {
			isa = PBXProject;
			attributes = {
				CLASSPREFIX = HPT;
				LastUpgradeCheck = 0500;
				ORGANIZATIONNAME = "James Hicklin";
				TargetAttributes = {
					CBCCB35C17C408FA00777E71 = {
						DevelopmentTeam = 562NVM37S5;
					};
					CBCCB37717C408FA00777E71 = {
						TestTargetID = CBCCB35C17C408FA00777E71;
					};
				};
			};
			buildConfigurationList = CBCCB35817C408FA00777E71 /* Build configuration list for PBXProject "HPTrivia" */;
			compatibilityVersion = "Xcode 3.2";
			developmentRegion = English;
			hasScannedForEncodings = 0;
			knownRegions = (
				en,
			);
			mainGroup = CBCCB35417C408FA00777E71;
			productRefGroup = CBCCB35E17C408FA00777E71 /* Products */;
			projectDirPath = "";
			projectRoot = "";
			targets = (
				CBCCB35C17C408FA00777E71 /* HPTrivia */,
				CBCCB37717C408FA00777E71 /* HPTriviaTests */,
			);
		};
/* End PBXProject section */

/* Begin PBXResourcesBuildPhase section */
		CBCCB35B17C408FA00777E71 /* Resources */ = {
			isa = PBXResourcesBuildPhase;
			buildActionMask = 2147483647;
			files = (
				CBCCB36B17C408FA00777E71 /* InfoPlist.strings in Resources */,
				CBD6E2B217C46413007A6773 /* characterQuestions.plist in Resources */,
				CBB2B56117C59F0A007BE06F /* wizardingWorldQuestions.plist in Resources */,
				CB51CAA117C41150002CDED0 /* parchment@2x.png in Resources */,
				CB5D49BE17CBA42A0079BDB6 /* SettingsTabIcon@2x.png in Resources */,
				CB57E60717C84E6E00490D9D /* buttonBackground_large.png in Resources */,
				CB51CAA217C41150002CDED0 /* parchment.png in Resources */,
				CB592F9517C53D6E00622D5D /* spellQuestions.plist in Resources */,
				CB57E60517C8486D00490D9D /* buttonBackground_tiny.png in Resources */,
				CB51CA9A17C40EC6002CDED0 /* HPParchment@2x.png in Resources */,
				CBCCB37317C408FA00777E71 /* Images.xcassets in Resources */,
				CB57E60117C845F400490D9D /* buttonBackground_medium.png in Resources */,
				CBCD588117C44EFE00584596 /* ParryHotter.ttf in Resources */,
				CB57E60317C846EE00490D9D /* buttonBackground_small.png in Resources */,
				CB51CAA017C41150002CDED0 /* parchment-568h@2x.png in Resources */,
				CB51CA9217C40D75002CDED0 /* iphone.storyboard in Resources */,
			);
			runOnlyForDeploymentPostprocessing = 0;
		};
		CBCCB37617C408FA00777E71 /* Resources */ = {
			isa = PBXResourcesBuildPhase;
			buildActionMask = 2147483647;
			files = (
				CBCCB38417C408FA00777E71 /* InfoPlist.strings in Resources */,
			);
			runOnlyForDeploymentPostprocessing = 0;
		};
/* End PBXResourcesBuildPhase section */

/* Begin PBXSourcesBuildPhase section */
		CBCCB35917C408FA00777E71 /* Sources */ = {
			isa = PBXSourcesBuildPhase;
			buildActionMask = 2147483647;
			files = (
				CBCCB36D17C408FA00777E71 /* main.m in Sources */,
				CB30FB4417C6F3E600D90211 /* NumberOfQuestionsViewController.m in Sources */,
				CB592F8717C5139300622D5D /* CorrectAnswerViewController.m in Sources */,
				CB51CAAB17C42077002CDED0 /* CategorySelectionViewController.m in Sources */,
				CB592F8C17C5161000622D5D /* IncorrectAnswerViewController.m in Sources */,
				CB51CA9517C40D96002CDED0 /* MainMenuViewController.m in Sources */,
				CB592F9117C51FAB00622D5D /* GameCompleteViewController.m in Sources */,
				CBD6E2B117C46006007A6773 /* GameQuestion.m in Sources */,
				CB592F8217C50CE100622D5D /* NSMutableArray_Shuffling.m in Sources */,
				CBD6E2AA17C4565E007A6773 /* QuestionViewController.m in Sources */,
				CBD6E2A617C45337007A6773 /* GameController.m in Sources */,
				CBCCB37117C408FA00777E71 /* HPTAppDelegate.m in Sources */,
				CB51CAB917C43E97002CDED0 /* DifficultySelectionViewController.m in Sources */,
				CB5D49C117CBA5940079BDB6 /* SettingsViewController.m in Sources */,
			);
			runOnlyForDeploymentPostprocessing = 0;
		};
		CBCCB37417C408FA00777E71 /* Sources */ = {
			isa = PBXSourcesBuildPhase;
			buildActionMask = 2147483647;
			files = (
				CBCCB38617C408FA00777E71 /* HPTriviaTests.m in Sources */,
			);
			runOnlyForDeploymentPostprocessing = 0;
		};
/* End PBXSourcesBuildPhase section */

/* Begin PBXTargetDependency section */
		CBCCB37E17C408FA00777E71 /* PBXTargetDependency */ = {
			isa = PBXTargetDependency;
			target = CBCCB35C17C408FA00777E71 /* HPTrivia */;
			targetProxy = CBCCB37D17C408FA00777E71 /* PBXContainerItemProxy */;
		};
/* End PBXTargetDependency section */

/* Begin PBXVariantGroup section */
		CBCCB36917C408FA00777E71 /* InfoPlist.strings */ = {
			isa = PBXVariantGroup;
			children = (
				CBCCB36A17C408FA00777E71 /* en */,
			);
			name = InfoPlist.strings;
			sourceTree = "<group>";
		};
		CBCCB38217C408FA00777E71 /* InfoPlist.strings */ = {
			isa = PBXVariantGroup;
			children = (
				CBCCB38317C408FA00777E71 /* en */,
			);
			name = InfoPlist.strings;
			sourceTree = "<group>";
		};
/* End PBXVariantGroup section */

/* Begin XCBuildConfiguration section */
		CBCCB38717C408FA00777E71 /* Debug */ = {
			isa = XCBuildConfiguration;
			buildSettings = {
				ALWAYS_SEARCH_USER_PATHS = NO;
				CLANG_CXX_LANGUAGE_STANDARD = "gnu++0x";
				CLANG_CXX_LIBRARY = "libc++";
				CLANG_ENABLE_MODULES = YES;
				CLANG_ENABLE_OBJC_ARC = YES;
				CLANG_WARN_BOOL_CONVERSION = YES;
				CLANG_WARN_CONSTANT_CONVERSION = YES;
				CLANG_WARN_DIRECT_OBJC_ISA_USAGE = YES_ERROR;
				CLANG_WARN_EMPTY_BODY = YES;
				CLANG_WARN_ENUM_CONVERSION = YES;
				CLANG_WARN_INT_CONVERSION = YES;
				CLANG_WARN_OBJC_ROOT_CLASS = YES_ERROR;
				CLANG_WARN__DUPLICATE_METHOD_MATCH = YES;
				"CODE_SIGN_IDENTITY[sdk=iphoneos*]" = "iPhone Developer";
				COPY_PHASE_STRIP = NO;
				GCC_C_LANGUAGE_STANDARD = gnu99;
				GCC_DYNAMIC_NO_PIC = NO;
				GCC_OPTIMIZATION_LEVEL = 0;
				GCC_PREPROCESSOR_DEFINITIONS = (
					"DEBUG=1",
					"$(inherited)",
				);
				GCC_SYMBOLS_PRIVATE_EXTERN = NO;
				GCC_WARN_ABOUT_RETURN_TYPE = YES_ERROR;
				GCC_WARN_UNDECLARED_SELECTOR = YES;
				GCC_WARN_UNINITIALIZED_AUTOS = YES;
				GCC_WARN_UNUSED_FUNCTION = YES;
				GCC_WARN_UNUSED_VARIABLE = YES;
				IPHONEOS_DEPLOYMENT_TARGET = 7.0;
				ONLY_ACTIVE_ARCH = YES;
				SDKROOT = iphoneos;
			};
			name = Debug;
		};
		CBCCB38817C408FA00777E71 /* Release */ = {
			isa = XCBuildConfiguration;
			buildSettings = {
				ALWAYS_SEARCH_USER_PATHS = NO;
				CLANG_CXX_LANGUAGE_STANDARD = "gnu++0x";
				CLANG_CXX_LIBRARY = "libc++";
				CLANG_ENABLE_MODULES = YES;
				CLANG_ENABLE_OBJC_ARC = YES;
				CLANG_WARN_BOOL_CONVERSION = YES;
				CLANG_WARN_CONSTANT_CONVERSION = YES;
				CLANG_WARN_DIRECT_OBJC_ISA_USAGE = YES_ERROR;
				CLANG_WARN_EMPTY_BODY = YES;
				CLANG_WARN_ENUM_CONVERSION = YES;
				CLANG_WARN_INT_CONVERSION = YES;
				CLANG_WARN_OBJC_ROOT_CLASS = YES_ERROR;
				CLANG_WARN__DUPLICATE_METHOD_MATCH = YES;
				"CODE_SIGN_IDENTITY[sdk=iphoneos*]" = "iPhone Developer";
				COPY_PHASE_STRIP = YES;
				ENABLE_NS_ASSERTIONS = NO;
				GCC_C_LANGUAGE_STANDARD = gnu99;
				GCC_WARN_ABOUT_RETURN_TYPE = YES_ERROR;
				GCC_WARN_UNDECLARED_SELECTOR = YES;
				GCC_WARN_UNINITIALIZED_AUTOS = YES;
				GCC_WARN_UNUSED_FUNCTION = YES;
				GCC_WARN_UNUSED_VARIABLE = YES;
				IPHONEOS_DEPLOYMENT_TARGET = 7.0;
				SDKROOT = iphoneos;
				VALIDATE_PRODUCT = YES;
			};
			name = Release;
		};
		CBCCB38A17C408FA00777E71 /* Debug */ = {
			isa = XCBuildConfiguration;
			buildSettings = {
				ASSETCATALOG_COMPILER_APPICON_NAME = AppIcon;
				ASSETCATALOG_COMPILER_LAUNCHIMAGE_NAME = LaunchImage;
				CODE_SIGN_IDENTITY = "iPhone Developer: James Hicklin (LF63P235BP)";
				"CODE_SIGN_IDENTITY[sdk=iphoneos*]" = "iPhone Developer: James Hicklin (LF63P235BP)";
				GCC_PRECOMPILE_PREFIX_HEADER = YES;
				GCC_PREFIX_HEADER = "HPTrivia/HPTrivia-Prefix.pch";
				INFOPLIST_FILE = "HPTrivia/HPTrivia-Info.plist";
				PRODUCT_NAME = "$(TARGET_NAME)";
				PROVISIONING_PROFILE = "";
				TARGETED_DEVICE_FAMILY = 1;
				WRAPPER_EXTENSION = app;
			};
			name = Debug;
		};
		CBCCB38B17C408FA00777E71 /* Release */ = {
			isa = XCBuildConfiguration;
			buildSettings = {
				ASSETCATALOG_COMPILER_APPICON_NAME = AppIcon;
				ASSETCATALOG_COMPILER_LAUNCHIMAGE_NAME = LaunchImage;
				CODE_SIGN_IDENTITY = "iPhone Developer: James Hicklin (LF63P235BP)";
				"CODE_SIGN_IDENTITY[sdk=iphoneos*]" = "iPhone Developer: James Hicklin (LF63P235BP)";
				GCC_PRECOMPILE_PREFIX_HEADER = YES;
				GCC_PREFIX_HEADER = "HPTrivia/HPTrivia-Prefix.pch";
				INFOPLIST_FILE = "HPTrivia/HPTrivia-Info.plist";
				PRODUCT_NAME = "$(TARGET_NAME)";
				PROVISIONING_PROFILE = "";
				TARGETED_DEVICE_FAMILY = 1;
				WRAPPER_EXTENSION = app;
			};
			name = Release;
		};
		CBCCB38D17C408FA00777E71 /* Debug */ = {
			isa = XCBuildConfiguration;
			buildSettings = {
				BUNDLE_LOADER = "$(BUILT_PRODUCTS_DIR)/HPTrivia.app/HPTrivia";
				FRAMEWORK_SEARCH_PATHS = (
					"$(SDKROOT)/Developer/Library/Frameworks",
					"$(inherited)",
					"$(DEVELOPER_FRAMEWORKS_DIR)",
				);
				GCC_PRECOMPILE_PREFIX_HEADER = YES;
				GCC_PREFIX_HEADER = "HPTrivia/HPTrivia-Prefix.pch";
				GCC_PREPROCESSOR_DEFINITIONS = (
					"DEBUG=1",
					"$(inherited)",
				);
				INFOPLIST_FILE = "HPTriviaTests/HPTriviaTests-Info.plist";
				PRODUCT_NAME = "$(TARGET_NAME)";
				TEST_HOST = "$(BUNDLE_LOADER)";
				WRAPPER_EXTENSION = xctest;
			};
			name = Debug;
		};
		CBCCB38E17C408FA00777E71 /* Release */ = {
			isa = XCBuildConfiguration;
			buildSettings = {
				BUNDLE_LOADER = "$(BUILT_PRODUCTS_DIR)/HPTrivia.app/HPTrivia";
				FRAMEWORK_SEARCH_PATHS = (
					"$(SDKROOT)/Developer/Library/Frameworks",
					"$(inherited)",
					"$(DEVELOPER_FRAMEWORKS_DIR)",
				);
				GCC_PRECOMPILE_PREFIX_HEADER = YES;
				GCC_PREFIX_HEADER = "HPTrivia/HPTrivia-Prefix.pch";
				INFOPLIST_FILE = "HPTriviaTests/HPTriviaTests-Info.plist";
				PRODUCT_NAME = "$(TARGET_NAME)";
				TEST_HOST = "$(BUNDLE_LOADER)";
				WRAPPER_EXTENSION = xctest;
			};
			name = Release;
		};
/* End XCBuildConfiguration section */

/* Begin XCConfigurationList section */
		CBCCB35817C408FA00777E71 /* Build configuration list for PBXProject "HPTrivia" */ = {
			isa = XCConfigurationList;
			buildConfigurations = (
				CBCCB38717C408FA00777E71 /* Debug */,
				CBCCB38817C408FA00777E71 /* Release */,
			);
			defaultConfigurationIsVisible = 0;
			defaultConfigurationName = Release;
		};
		CBCCB38917C408FA00777E71 /* Build configuration list for PBXNativeTarget "HPTrivia" */ = {
			isa = XCConfigurationList;
			buildConfigurations = (
				CBCCB38A17C408FA00777E71 /* Debug */,
				CBCCB38B17C408FA00777E71 /* Release */,
			);
			defaultConfigurationIsVisible = 0;
			defaultConfigurationName = Release;
		};
		CBCCB38C17C408FA00777E71 /* Build configuration list for PBXNativeTarget "HPTriviaTests" */ = {
			isa = XCConfigurationList;
			buildConfigurations = (
				CBCCB38D17C408FA00777E71 /* Debug */,
				CBCCB38E17C408FA00777E71 /* Release */,
			);
			defaultConfigurationIsVisible = 0;
			defaultConfigurationName = Release;
		};
/* End XCConfigurationList section */
	};
	rootObject = CBCCB35517C408FA00777E71 /* Project object */;
}
